
Microsoft Visual Studio Solution File, Format Version 12.00
# Visual Studio 2012
Project("{FAE04EC0-301F-11D3-BF4B-00C04F79EFBC}") = "ComputationalCluster.NetModule", "ComputationalCluster.NetModule\ComputationalCluster.NetModule.csproj", "{C646AEF9-72F4-4967-89D9-96D1A25A9A8A}"
EndProject
Project("{FAE04EC0-301F-11D3-BF4B-00C04F79EFBC}") = "ComputationalCluster.NetModule.Tests", "ComputationalCluster.NetModule.Tests\ComputationalCluster.NetModule.Tests.csproj", "{C9021D38-9BC9-40C0-8BC1-92BD28DDCEBE}"
EndProject
Project("{2150E333-8FDC-42A3-9474-1A3956D46DE8}") = ".nuget", ".nuget", "{DC719C33-0F37-4025-940C-D97D99959C0A}"
	ProjectSection(SolutionItems) = preProject
		.nuget\NuGet.Config = .nuget\NuGet.Config
		.nuget\NuGet.exe = .nuget\NuGet.exe
		.nuget\NuGet.targets = .nuget\NuGet.targets
	EndProjectSection
EndProject
Project("{FAE04EC0-301F-11D3-BF4B-00C04F79EFBC}") = "ComputationalCluster.Communication", "ComputationalCluster.Communication\ComputationalCluster.Communication.csproj", "{C7DF375D-995B-4B80-B5C6-4C9D67CA5AB5}"
EndProject
Project("{FAE04EC0-301F-11D3-BF4B-00C04F79EFBC}") = "ComputationalCluster.CommunicationServer", "ComputationalCluster.CommunicationServer\ComputationalCluster.CommunicationServer.csproj", "{F45D4259-DB28-4404-8027-57273A0455FB}"
EndProject
Project("{FAE04EC0-301F-11D3-BF4B-00C04F79EFBC}") = "ComputationalCluster.TaskManager", "ComputationalCluster.TaskManager\ComputationalCluster.TaskManager.csproj", "{CC1449A2-59E1-4005-AAB0-1F2BF0A5B8B0}"
EndProject
Project("{FAE04EC0-301F-11D3-BF4B-00C04F79EFBC}") = "ComputationalCluster.ComputationalNode", "ComputationalCluster.ComputationalNode\ComputationalCluster.ComputationalNode.csproj", "{3DF29974-8461-4D04-87F6-AC72B6190FE0}"
EndProject
Project("{FAE04EC0-301F-11D3-BF4B-00C04F79EFBC}") = "ComputationalCluster.ComputationalNode.Console", "ComputationalCluster.ComputationalNode.Console\ComputationalCluster.ComputationalNode.Console.csproj", "{FFAD7D50-DC78-4942-B39B-BEE606562FEC}"
EndProject
Project("{FAE04EC0-301F-11D3-BF4B-00C04F79EFBC}") = "ComputationalCluster.TaskManager.Console", "ComputationalCluster.TaskManager.Console\ComputationalCluster.TaskManager.Console.csproj", "{ADFD85CB-FEBB-4FFE-8416-E42CFAED1C0C}"
EndProject
Project("{FAE04EC0-301F-11D3-BF4B-00C04F79EFBC}") = "ComputationalCluster.Communication.Tests", "ComputationalCluster.Communication.Tests\ComputationalCluster.Communication.Tests.csproj", "{3651BEC2-AA6C-4201-81B6-9675B2CF5D41}"
EndProject
Project("{FAE04EC0-301F-11D3-BF4B-00C04F79EFBC}") = "ComputationalCluster.ComputationalClient", "ComputationalCluster.ComputationalClient\ComputationalCluster.ComputationalClient.csproj", "{0BB2428C-0850-4B62-94F3-2F067F64026D}"
EndProject
Project("{FAE04EC0-301F-11D3-BF4B-00C04F79EFBC}") = "ComputationalCluster.CommunicationServer.Tests", "ComputationalCluster.CommunicationServer.Tests\ComputationalCluster.CommunicationServer.Tests.csproj", "{6B344DF7-DA1D-48C0-A670-0BA235CD945D}"
EndProject
Project("{FAE04EC0-301F-11D3-BF4B-00C04F79EFBC}") = "ComputationalCluster.Common", "ComputationalCluster.Common\ComputationalCluster.Common.csproj", "{A515B39F-4FFE-4302-88F9-4917C31CA6B6}"
EndProject
Project("{FAE04EC0-301F-11D3-BF4B-00C04F79EFBC}") = "ComputationalCluster.Dependencies", "ComputationalCluster.Dependencies\ComputationalCluster.Dependencies.csproj", "{4DBFFAC5-16E6-452C-9D66-AEC9EDBC37CA}"
EndProject
Project("{FAE04EC0-301F-11D3-BF4B-00C04F79EFBC}") = "ComputationalCluster.CommunicationServer.Runner", "ComputationalCluster.CommunicationServer.Runner\ComputationalCluster.CommunicationServer.Runner.csproj", "{A76386AC-9090-4DF0-94DC-244DDB4622CF}"
EndProject
Project("{FAE04EC0-301F-11D3-BF4B-00C04F79EFBC}") = "ComputationalCluster.PluginManager", "ComputationalCluster.PluginManager\ComputationalCluster.PluginManager.csproj", "{AF165AC2-8A7C-4A6A-9586-C0ACC20DDCAF}"
EndProject
Project("{2150E333-8FDC-42A3-9474-1A3956D46DE8}") = "UCCTaskSolver", "UCCTaskSolver", "{0D4D3463-6A78-4261-A613-EA8D37D9B8B4}"
	ProjectSection(SolutionItems) = preProject
		UCCTaskSolver\UCCTaskSolver.dll = UCCTaskSolver\UCCTaskSolver.dll
		UCCTaskSolver\UCCTaskSolver.xml = UCCTaskSolver\UCCTaskSolver.xml
	EndProjectSection
EndProject
Project("{FAE04EC0-301F-11D3-BF4B-00C04F79EFBC}") = "ComputationalCluster.TaskSolver.DVRP", "ComputationalCluster.TaskSolver.DVRP\ComputationalCluster.TaskSolver.DVRP.csproj", "{2A8875A0-4EB2-4640-99FB-C5AD1FEA5654}"
EndProject
Project("{FAE04EC0-301F-11D3-BF4B-00C04F79EFBC}") = "ComputationalCluster.TaskSolver.ArithmeticProgressionSum", "ComputationalCluster.TaskSolver.ArithmeticProgressionSum\ComputationalCluster.TaskSolver.ArithmeticProgressionSum.csproj", "{AEA7874F-825B-496F-8E8C-949E33FA2F87}"
EndProject
Project("{FAE04EC0-301F-11D3-BF4B-00C04F79EFBC}") = "ComputationalCluster.TaskSolver.ArithmeticProgressionSum.Tests", "ComputationalCluster.TaskSolver.ArithmeticProgressionSum.Tests\ComputationalCluster.TaskSolver.ArithmeticProgressionSum.Tests.csproj", "{89D1D665-F0B0-4264-ACF4-7124F757C8BC}"
EndProject
Project("{FAE04EC0-301F-11D3-BF4B-00C04F79EFBC}") = "ComputationalCluster.UnitTesting", "ComputationalCluster.UnitTesting\ComputationalCluster.UnitTesting.csproj", "{CDA4593E-2D23-4535-84C0-6947A8679C2A}"
EndProject
Global
	GlobalSection(SolutionConfigurationPlatforms) = preSolution
		Debug|Any CPU = Debug|Any CPU
		Release|Any CPU = Release|Any CPU
	EndGlobalSection
	GlobalSection(ProjectConfigurationPlatforms) = postSolution
		{C646AEF9-72F4-4967-89D9-96D1A25A9A8A}.Debug|Any CPU.ActiveCfg = Debug|Any CPU
		{C646AEF9-72F4-4967-89D9-96D1A25A9A8A}.Debug|Any CPU.Build.0 = Debug|Any CPU
		{C646AEF9-72F4-4967-89D9-96D1A25A9A8A}.Release|Any CPU.ActiveCfg = Release|Any CPU
		{C646AEF9-72F4-4967-89D9-96D1A25A9A8A}.Release|Any CPU.Build.0 = Release|Any CPU
		{C9021D38-9BC9-40C0-8BC1-92BD28DDCEBE}.Debug|Any CPU.ActiveCfg = Debug|Any CPU
		{C9021D38-9BC9-40C0-8BC1-92BD28DDCEBE}.Debug|Any CPU.Build.0 = Debug|Any CPU
		{C9021D38-9BC9-40C0-8BC1-92BD28DDCEBE}.Release|Any CPU.ActiveCfg = Release|Any CPU
		{C9021D38-9BC9-40C0-8BC1-92BD28DDCEBE}.Release|Any CPU.Build.0 = Release|Any CPU
		{C7DF375D-995B-4B80-B5C6-4C9D67CA5AB5}.Debug|Any CPU.ActiveCfg = Debug|Any CPU
		{C7DF375D-995B-4B80-B5C6-4C9D67CA5AB5}.Debug|Any CPU.Build.0 = Debug|Any CPU
		{C7DF375D-995B-4B80-B5C6-4C9D67CA5AB5}.Release|Any CPU.ActiveCfg = Release|Any CPU
		{C7DF375D-995B-4B80-B5C6-4C9D67CA5AB5}.Release|Any CPU.Build.0 = Release|Any CPU
		{F45D4259-DB28-4404-8027-57273A0455FB}.Debug|Any CPU.ActiveCfg = Debug|Any CPU
		{F45D4259-DB28-4404-8027-57273A0455FB}.Debug|Any CPU.Build.0 = Debug|Any CPU
		{F45D4259-DB28-4404-8027-57273A0455FB}.Release|Any CPU.ActiveCfg = Release|Any CPU
		{F45D4259-DB28-4404-8027-57273A0455FB}.Release|Any CPU.Build.0 = Release|Any CPU
		{CC1449A2-59E1-4005-AAB0-1F2BF0A5B8B0}.Debug|Any CPU.ActiveCfg = Debug|Any CPU
		{CC1449A2-59E1-4005-AAB0-1F2BF0A5B8B0}.Debug|Any CPU.Build.0 = Debug|Any CPU
		{CC1449A2-59E1-4005-AAB0-1F2BF0A5B8B0}.Release|Any CPU.ActiveCfg = Release|Any CPU
		{CC1449A2-59E1-4005-AAB0-1F2BF0A5B8B0}.Release|Any CPU.Build.0 = Release|Any CPU
		{3DF29974-8461-4D04-87F6-AC72B6190FE0}.Debug|Any CPU.ActiveCfg = Debug|Any CPU
		{3DF29974-8461-4D04-87F6-AC72B6190FE0}.Debug|Any CPU.Build.0 = Debug|Any CPU
		{3DF29974-8461-4D04-87F6-AC72B6190FE0}.Release|Any CPU.ActiveCfg = Release|Any CPU
		{3DF29974-8461-4D04-87F6-AC72B6190FE0}.Release|Any CPU.Build.0 = Release|Any CPU
		{FFAD7D50-DC78-4942-B39B-BEE606562FEC}.Debug|Any CPU.ActiveCfg = Debug|Any CPU
		{FFAD7D50-DC78-4942-B39B-BEE606562FEC}.Debug|Any CPU.Build.0 = Debug|Any CPU
		{FFAD7D50-DC78-4942-B39B-BEE606562FEC}.Release|Any CPU.ActiveCfg = Release|Any CPU
		{FFAD7D50-DC78-4942-B39B-BEE606562FEC}.Release|Any CPU.Build.0 = Release|Any CPU
		{ADFD85CB-FEBB-4FFE-8416-E42CFAED1C0C}.Debug|Any CPU.ActiveCfg = Debug|Any CPU
		{ADFD85CB-FEBB-4FFE-8416-E42CFAED1C0C}.Debug|Any CPU.Build.0 = Debug|Any CPU
		{ADFD85CB-FEBB-4FFE-8416-E42CFAED1C0C}.Release|Any CPU.ActiveCfg = Release|Any CPU
		{ADFD85CB-FEBB-4FFE-8416-E42CFAED1C0C}.Release|Any CPU.Build.0 = Release|Any CPU
		{3651BEC2-AA6C-4201-81B6-9675B2CF5D41}.Debug|Any CPU.ActiveCfg = Debug|Any CPU
		{3651BEC2-AA6C-4201-81B6-9675B2CF5D41}.Debug|Any CPU.Build.0 = Debug|Any CPU
		{3651BEC2-AA6C-4201-81B6-9675B2CF5D41}.Release|Any CPU.ActiveCfg = Release|Any CPU
		{3651BEC2-AA6C-4201-81B6-9675B2CF5D41}.Release|Any CPU.Build.0 = Release|Any CPU
		{0BB2428C-0850-4B62-94F3-2F067F64026D}.Debug|Any CPU.ActiveCfg = Debug|Any CPU
		{0BB2428C-0850-4B62-94F3-2F067F64026D}.Debug|Any CPU.Build.0 = Debug|Any CPU
		{0BB2428C-0850-4B62-94F3-2F067F64026D}.Release|Any CPU.ActiveCfg = Release|Any CPU
		{0BB2428C-0850-4B62-94F3-2F067F64026D}.Release|Any CPU.Build.0 = Release|Any CPU
		{6B344DF7-DA1D-48C0-A670-0BA235CD945D}.Debug|Any CPU.ActiveCfg = Debug|Any CPU
		{6B344DF7-DA1D-48C0-A670-0BA235CD945D}.Debug|Any CPU.Build.0 = Debug|Any CPU
		{6B344DF7-DA1D-48C0-A670-0BA235CD945D}.Release|Any CPU.ActiveCfg = Release|Any CPU
		{6B344DF7-DA1D-48C0-A670-0BA235CD945D}.Release|Any CPU.Build.0 = Release|Any CPU
		{A515B39F-4FFE-4302-88F9-4917C31CA6B6}.Debug|Any CPU.ActiveCfg = Debug|Any CPU
		{A515B39F-4FFE-4302-88F9-4917C31CA6B6}.Debug|Any CPU.Build.0 = Debug|Any CPU
		{A515B39F-4FFE-4302-88F9-4917C31CA6B6}.Release|Any CPU.ActiveCfg = Release|Any CPU
		{A515B39F-4FFE-4302-88F9-4917C31CA6B6}.Release|Any CPU.Build.0 = Release|Any CPU
		{4DBFFAC5-16E6-452C-9D66-AEC9EDBC37CA}.Debug|Any CPU.ActiveCfg = Debug|Any CPU
		{4DBFFAC5-16E6-452C-9D66-AEC9EDBC37CA}.Debug|Any CPU.Build.0 = Debug|Any CPU
		{4DBFFAC5-16E6-452C-9D66-AEC9EDBC37CA}.Release|Any CPU.ActiveCfg = Release|Any CPU
		{4DBFFAC5-16E6-452C-9D66-AEC9EDBC37CA}.Release|Any CPU.Build.0 = Release|Any CPU
		{A76386AC-9090-4DF0-94DC-244DDB4622CF}.Debug|Any CPU.ActiveCfg = Debug|Any CPU
		{A76386AC-9090-4DF0-94DC-244DDB4622CF}.Debug|Any CPU.Build.0 = Debug|Any CPU
		{A76386AC-9090-4DF0-94DC-244DDB4622CF}.Release|Any CPU.ActiveCfg = Release|Any CPU
		{A76386AC-9090-4DF0-94DC-244DDB4622CF}.Release|Any CPU.Build.0 = Release|Any CPU
		{AF165AC2-8A7C-4A6A-9586-C0ACC20DDCAF}.Debug|Any CPU.ActiveCfg = Debug|Any CPU
		{AF165AC2-8A7C-4A6A-9586-C0ACC20DDCAF}.Debug|Any CPU.Build.0 = Debug|Any CPU
		{AF165AC2-8A7C-4A6A-9586-C0ACC20DDCAF}.Release|Any CPU.ActiveCfg = Release|Any CPU
		{AF165AC2-8A7C-4A6A-9586-C0ACC20DDCAF}.Release|Any CPU.Build.0 = Release|Any CPU
		{2A8875A0-4EB2-4640-99FB-C5AD1FEA5654}.Debug|Any CPU.ActiveCfg = Debug|Any CPU
		{2A8875A0-4EB2-4640-99FB-C5AD1FEA5654}.Debug|Any CPU.Build.0 = Debug|Any CPU
		{2A8875A0-4EB2-4640-99FB-C5AD1FEA5654}.Release|Any CPU.ActiveCfg = Release|Any CPU
		{2A8875A0-4EB2-4640-99FB-C5AD1FEA5654}.Release|Any CPU.Build.0 = Release|Any CPU
		{AEA7874F-825B-496F-8E8C-949E33FA2F87}.Debug|Any CPU.ActiveCfg = Debug|Any CPU
		{AEA7874F-825B-496F-8E8C-949E33FA2F87}.Debug|Any CPU.Build.0 = Debug|Any CPU
		{AEA7874F-825B-496F-8E8C-949E33FA2F87}.Release|Any CPU.ActiveCfg = Release|Any CPU
		{AEA7874F-825B-496F-8E8C-949E33FA2F87}.Release|Any CPU.Build.0 = Release|Any CPU
		{89D1D665-F0B0-4264-ACF4-7124F757C8BC}.Debug|Any CPU.ActiveCfg = Debug|Any CPU
		{89D1D665-F0B0-4264-ACF4-7124F757C8BC}.Debug|Any CPU.Build.0 = Debug|Any CPU
		{89D1D665-F0B0-4264-ACF4-7124F757C8BC}.Release|Any CPU.ActiveCfg = Release|Any CPU
		{89D1D665-F0B0-4264-ACF4-7124F757C8BC}.Release|Any CPU.Build.0 = Release|Any CPU
		{CDA4593E-2D23-4535-84C0-6947A8679C2A}.Debug|Any CPU.ActiveCfg = Debug|Any CPU
		{CDA4593E-2D23-4535-84C0-6947A8679C2A}.Debug|Any CPU.Build.0 = Debug|Any CPU
		{CDA4593E-2D23-4535-84C0-6947A8679C2A}.Release|Any CPU.ActiveCfg = Release|Any CPU
		{CDA4593E-2D23-4535-84C0-6947A8679C2A}.Release|Any CPU.Build.0 = Release|Any CPU
	EndGlobalSection
	GlobalSection(SolutionProperties) = preSolution
		HideSolutionNode = FALSE
	EndGlobalSection
EndGlobal
